Microsoft Visual Studio Solution File, Format Version 12.00
# Visual Studio Version 17
VisualStudioVersion = 17.0.31903.59
MinimumVisualStudioVersion = 10.0.40219.1
Project("{FAE04EC0-301F-11D3-BF4B-00C04F79EFBC}") = "Server", "Server\Server.csproj", "{61465414-178C-49E8-B4BF-DE420D94EC6D}"
EndProject
Project("{FAE04EC0-301F-11D3-BF4B-00C04F79EFBC}") = "Server.Tests", "Server.Tests\Server.Tests.csproj", "{61465414-178C-49E8-B4BF-DE420D94EC6C}"
EndProject
Project("{FAE04EC0-301F-11D3-BF4B-00C04F79EFBC}") = "Frontend", "Frontend\Frontend.csproj", "{21F1E83E-E1BD-40B9-A255-712DBE202C31}"
EndProject
Project("{FAE04EC0-301F-11D3-BF4B-00C04F79EFBC}") = "Shared", "Shared\Shared.csproj", "{85335E01-CDA7-497B-8C1F-36281E6A824E}"
EndProject
Project("{FAE04EC0-301F-11D3-BF4B-00C04F79EFBC}") = "LEGACY_FRONTEND", "LEGACY_FRONTEND\LEGACY_FRONTEND.csproj", "{3F01DAA6-E7BC-4636-8973-7E8A5881D806}"
EndProject
Global
	GlobalSection(SolutionConfigurationPlatforms) = preSolution
		Debug|Any CPU = Debug|Any CPU
		Release|Any CPU = Release|Any CPU
	EndGlobalSection
	GlobalSection(ProjectConfigurationPlatforms) = postSolution
		{61465414-178C-49E8-B4BF-DE420D94EC6D}.Debug|Any CPU.ActiveCfg = Debug|Any CPU
		{61465414-178C-49E8-B4BF-DE420D94EC6D}.Debug|Any CPU.Build.0 = Debug|Any CPU
		{61465414-178C-49E8-B4BF-DE420D94EC6D}.Release|Any CPU.ActiveCfg = Release|Any CPU
		{61465414-178C-49E8-B4BF-DE420D94EC6D}.Release|Any CPU.Build.0 = Release|Any CPU
		{61465414-178C-49E8-B4BF-DE420D94EC6C}.Debug|Any CPU.ActiveCfg = Debug|Any CPU
		{61465414-178C-49E8-B4BF-DE420D94EC6C}.Release|Any CPU.ActiveCfg = Release|Any CPU
		{61465414-178C-49E8-B4BF-DE420D94EC6C}.Release|Any CPU.Build.0 = Release|Any CPU
		{61465414-178C-49E8-B4BF-DE420D94EC6C}.Debug|Any CPU.Build.0 = Debug|Any CPU
		{21F1E83E-E1BD-40B9-A255-712DBE202C31}.Debug|Any CPU.ActiveCfg = Debug|Any CPU
		{21F1E83E-E1BD-40B9-A255-712DBE202C31}.Debug|Any CPU.Build.0 = Debug|Any CPU
		{21F1E83E-E1BD-40B9-A255-712DBE202C31}.Release|Any CPU.ActiveCfg = Release|Any CPU
		{21F1E83E-E1BD-40B9-A255-712DBE202C31}.Release|Any CPU.Build.0 = Release|Any CPU
		{85335E01-CDA7-497B-8C1F-36281E6A824E}.Debug|Any CPU.ActiveCfg = Debug|Any CPU
		{85335E01-CDA7-497B-8C1F-36281E6A824E}.Debug|Any CPU.Build.0 = Debug|Any CPU
		{85335E01-CDA7-497B-8C1F-36281E6A824E}.Release|Any CPU.ActiveCfg = Release|Any CPU
		{85335E01-CDA7-497B-8C1F-36281E6A824E}.Release|Any CPU.Build.0 = Release|Any CPU
		{3F01DAA6-E7BC-4636-8973-7E8A5881D806}.Debug|Any CPU.ActiveCfg = Debug|Any CPU
		{3F01DAA6-E7BC-4636-8973-7E8A5881D806}.Debug|Any CPU.Build.0 = Debug|Any CPU
		{3F01DAA6-E7BC-4636-8973-7E8A5881D806}.Release|Any CPU.ActiveCfg = Release|Any CPU
		{3F01DAA6-E7BC-4636-8973-7E8A5881D806}.Release|Any CPU.Build.0 = Release|Any CPU
	EndGlobalSection
	GlobalSection(SolutionProperties) = preSolution
		HideSolutionNode = FALSE
	EndGlobalSection
EndGlobal
