Microsoft Visual Studio Solution File, Format Version 12.00
# Visual Studio Version 17
VisualStudioVersion = 17.0.31903.59
MinimumVisualStudioVersion = 10.0.40219.1
Project("{FAE04EC0-301F-11D3-BF4B-00C04F79EFBC}") = "Server", "Server\Server.csproj", "{61465414-178C-49E8-B4BF-DE420D94EC6D}"
EndProject
Project("{FAE04EC0-301F-11D3-BF4B-00C04F79EFBC}") = "Server.Tests", "Server.Tests\Server.Tests.csproj", "{61465414-178C-49E8-B4BF-DE420D94EC6C}"
EndProject
Project("{FAE04EC0-301F-11D3-BF4B-00C04F79EFBC}") = "FrontendLEGACY", "FrontendLEGACY\FrontendLEGACY.csproj", "{F3202FF6-0A88-48BC-A2DC-D3E412569573}"
EndProject
Global
	GlobalSection(SolutionConfigurationPlatforms) = preSolution
		Debug|Any CPU = Debug|Any CPU
		Release|Any CPU = Release|Any CPU
	EndGlobalSection
	GlobalSection(ProjectConfigurationPlatforms) = postSolution
		{61465414-178C-49E8-B4BF-DE420D94EC6D}.Debug|Any CPU.ActiveCfg = Debug|Any CPU
		{61465414-178C-49E8-B4BF-DE420D94EC6D}.Debug|Any CPU.Build.0 = Debug|Any CPU
		{61465414-178C-49E8-B4BF-DE420D94EC6D}.Release|Any CPU.ActiveCfg = Release|Any CPU
		{61465414-178C-49E8-B4BF-DE420D94EC6D}.Release|Any CPU.Build.0 = Release|Any CPU
		{61465414-178C-49E8-B4BF-DE420D94EC6C}.Debug|Any CPU.ActiveCfg = Debug|Any CPU
		{61465414-178C-49E8-B4BF-DE420D94EC6C}.Debug|Any CPU.Build.0 = Debug|Any CPU
		{61465414-178C-49E8-B4BF-DE420D94EC6C}.Release|Any CPU.ActiveCfg = Release|Any CPU
		{61465414-178C-49E8-B4BF-DE420D94EC6C}.Release|Any CPU.Build.0 = Release|Any CPU
		{F3202FF6-0A88-48BC-A2DC-D3E412569573}.Debug|Any CPU.ActiveCfg = Debug|Any CPU
		{F3202FF6-0A88-48BC-A2DC-D3E412569573}.Debug|Any CPU.Build.0 = Debug|Any CPU
		{F3202FF6-0A88-48BC-A2DC-D3E412569573}.Release|Any CPU.ActiveCfg = Release|Any CPU
		{F3202FF6-0A88-48BC-A2DC-D3E412569573}.Release|Any CPU.Build.0 = Release|Any CPU
	EndGlobalSection
	GlobalSection(SolutionProperties) = preSolution
		HideSolutionNode = FALSE
	EndGlobalSection
EndGlobal
